// !$*UTF8*$!
{
	archiveVersion = 1;
	classes = {
	};
	objectVersion = 50;
	objects = {

/* Begin PBXBuildFile section */
		2D770A462224ECB50084002E /* AppDelegate.swift in Sources */ = {isa = PBXBuildFile; fileRef = 2D770A452224ECB50084002E /* AppDelegate.swift */; };
		2D770A482224ECB50084002E /* ViewController.swift in Sources */ = {isa = PBXBuildFile; fileRef = 2D770A472224ECB50084002E /* ViewController.swift */; };
		2D770A4B2224ECB50084002E /* Main.storyboard in Resources */ = {isa = PBXBuildFile; fileRef = 2D770A492224ECB50084002E /* Main.storyboard */; };
		2D770A4D2224ECB60084002E /* Assets.xcassets in Resources */ = {isa = PBXBuildFile; fileRef = 2D770A4C2224ECB60084002E /* Assets.xcassets */; };
		2D770A502224ECB60084002E /* LaunchScreen.storyboard in Resources */ = {isa = PBXBuildFile; fileRef = 2D770A4E2224ECB60084002E /* LaunchScreen.storyboard */; };
		2D770A5822250C110084002E /* SourceViewControllers.swift in Sources */ = {isa = PBXBuildFile; fileRef = 2D770A5722250C110084002E /* SourceViewControllers.swift */; };
		2D770A5C222517700084002E /* SubViewControllers.storyboard in Resources */ = {isa = PBXBuildFile; fileRef = 2D770A5B222517700084002E /* SubViewControllers.storyboard */; };
/* End PBXBuildFile section */

/* Begin PBXFileReference section */
		2D770A422224ECB50084002E /* Swift_30Day_4.app */ = {isa = PBXFileReference; explicitFileType = wrapper.application; includeInIndex = 0; path = Swift_30Day_4.app; sourceTree = BUILT_PRODUCTS_DIR; };
		2D770A452224ECB50084002E /* AppDelegate.swift */ = {isa = PBXFileReference; lastKnownFileType = sourcecode.swift; path = AppDelegate.swift; sourceTree = "<group>"; };
		2D770A472224ECB50084002E /* ViewController.swift */ = {isa = PBXFileReference; lastKnownFileType = sourcecode.swift; path = ViewController.swift; sourceTree = "<group>"; };
		2D770A4A2224ECB50084002E /* Base */ = {isa = PBXFileReference; lastKnownFileType = file.storyboard; name = Base; path = Base.lproj/Main.storyboard; sourceTree = "<group>"; };
		2D770A4C2224ECB60084002E /* Assets.xcassets */ = {isa = PBXFileReference; lastKnownFileType = folder.assetcatalog; path = Assets.xcassets; sourceTree = "<group>"; };
		2D770A4F2224ECB60084002E /* Base */ = {isa = PBXFileReference; lastKnownFileType = file.storyboard; name = Base; path = Base.lproj/LaunchScreen.storyboard; sourceTree = "<group>"; };
		2D770A512224ECB60084002E /* Info.plist */ = {isa = PBXFileReference; lastKnownFileType = text.plist.xml; path = Info.plist; sourceTree = "<group>"; };
		2D770A5722250C110084002E /* SourceViewControllers.swift */ = {isa = PBXFileReference; lastKnownFileType = sourcecode.swift; path = SourceViewControllers.swift; sourceTree = "<group>"; };
		2D770A5B222517700084002E /* SubViewControllers.storyboard */ = {isa = PBXFileReference; lastKnownFileType = file.storyboard; path = SubViewControllers.storyboard; sourceTree = "<group>"; };
/* End PBXFileReference section */

/* Begin PBXFrameworksBuildPhase section */
		2D770A3F2224ECB50084002E /* Frameworks */ = {
			isa = PBXFrameworksBuildPhase;
			buildActionMask = 2147483647;
			files = (
			);
			runOnlyForDeploymentPostprocessing = 0;
		};
/* End PBXFrameworksBuildPhase section */

/* Begin PBXGroup section */
		2D770A392224ECB40084002E = {
			isa = PBXGroup;
			children = (
				2D770A442224ECB50084002E /* Swift_30Day_4 */,
				2D770A432224ECB50084002E /* Products */,
			);
			sourceTree = "<group>";
		};
		2D770A432224ECB50084002E /* Products */ = {
			isa = PBXGroup;
			children = (
				2D770A422224ECB50084002E /* Swift_30Day_4.app */,
			);
			name = Products;
			sourceTree = "<group>";
		};
		2D770A442224ECB50084002E /* Swift_30Day_4 */ = {
			isa = PBXGroup;
			children = (
				2D770A452224ECB50084002E /* AppDelegate.swift */,
				2D770A472224ECB50084002E /* ViewController.swift */,
				2D770A492224ECB50084002E /* Main.storyboard */,
				2D770A5722250C110084002E /* SourceViewControllers.swift */,
				2D770A5B222517700084002E /* SubViewControllers.storyboard */,
				2D770A4C2224ECB60084002E /* Assets.xcassets */,
				2D770A4E2224ECB60084002E /* LaunchScreen.storyboard */,
				2D770A512224ECB60084002E /* Info.plist */,
			);
			path = Swift_30Day_4;
			sourceTree = "<group>";
		};
/* End PBXGroup section */

/* Begin PBXNativeTarget section */
		2D770A412224ECB50084002E /* Swift_30Day_4 */ = {
			isa = PBXNativeTarget;
			buildConfigurationList = 2D770A542224ECB60084002E /* Build configuration list for PBXNativeTarget "Swift_30Day_4" */;
			buildPhases = (
				2D770A3E2224ECB50084002E /* Sources */,
				2D770A3F2224ECB50084002E /* Frameworks */,
				2D770A402224ECB50084002E /* Resources */,
			);
			buildRules = (
			);
			dependencies = (
			);
			name = Swift_30Day_4;
			productName = Swift_30Day_4;
			productReference = 2D770A422224ECB50084002E /* Swift_30Day_4.app */;
			productType = "com.apple.product-type.application";
		};
/* End PBXNativeTarget section */

/* Begin PBXProject section */
		2D770A3A2224ECB40084002E /* Project object */ = {
			isa = PBXProject;
			attributes = {
				LastSwiftUpdateCheck = 1000;
				LastUpgradeCheck = 1000;
				ORGANIZATIONNAME = ZhangYi;
				TargetAttributes = {
					2D770A412224ECB50084002E = {
						CreatedOnToolsVersion = 10.0;
					};
				};
			};
			buildConfigurationList = 2D770A3D2224ECB40084002E /* Build configuration list for PBXProject "Swift_30Day_4" */;
			compatibilityVersion = "Xcode 9.3";
			developmentRegion = en;
			hasScannedForEncodings = 0;
			knownRegions = (
				en,
				Base,
			);
			mainGroup = 2D770A392224ECB40084002E;
			productRefGroup = 2D770A432224ECB50084002E /* Products */;
			projectDirPath = "";
			projectRoot = "";
			targets = (
				2D770A412224ECB50084002E /* Swift_30Day_4 */,
			);
		};
/* End PBXProject section */

/* Begin PBXResourcesBuildPhase section */
		2D770A402224ECB50084002E /* Resources */ = {
			isa = PBXResourcesBuildPhase;
			buildActionMask = 2147483647;
			files = (
				2D770A5C222517700084002E /* SubViewControllers.storyboard in Resources */,
				2D770A502224ECB60084002E /* LaunchScreen.storyboard in Resources */,
				2D770A4D2224ECB60084002E /* Assets.xcassets in Resources */,
				2D770A4B2224ECB50084002E /* Main.storyboard in Resources */,
			);
			runOnlyForDeploymentPostprocessing = 0;
		};
/* End PBXResourcesBuildPhase section */

/* Begin PBXSourcesBuildPhase section */
		2D770A3E2224ECB50084002E /* Sources */ = {
			isa = PBXSourcesBuildPhase;
			buildActionMask = 2147483647;
			files = (
				2D770A5822250C110084002E /* SourceViewControllers.swift in Sources */,
				2D770A482224ECB50084002E /* ViewController.swift in Sources */,
				2D770A462224ECB50084002E /* AppDelegate.swift in Sources */,
			);
			runOnlyForDeploymentPostprocessing = 0;
		};
/* End PBXSourcesBuildPhase section */

/* Begin PBXVariantGroup section */
		2D770A492224ECB50084002E /* Main.storyboard */ = {
			isa = PBXVariantGroup;
			children = (
				2D770A4A2224ECB50084002E /* Base */,
			);
			name = Main.storyboard;
			sourceTree = "<group>";
		};
		2D770A4E2224ECB60084002E /* LaunchScreen.storyboard */ = {
			isa = PBXVariantGroup;
			children = (
				2D770A4F2224ECB60084002E /* Base */,
			);
			name = LaunchScreen.storyboard;
			sourceTree = "<group>";
		};
/* End PBXVariantGroup section */

/* Begin XCBuildConfiguration section */
		2D770A522224ECB60084002E /* Debug */ = {
			isa = XCBuildConfiguration;
			buildSettings = {
				ALWAYS_SEARCH_USER_PATHS = NO;
				CLANG_ANALYZER_NONNULL = YES;
				CLANG_ANALYZER_NUMBER_OBJECT_CONVERSION = YES_AGGRESSIVE;
				CLANG_CXX_LANGUAGE_STANDARD = "gnu++14";
				CLANG_CXX_LIBRARY = "libc++";
				CLANG_ENABLE_MODULES = YES;
				CLANG_ENABLE_OBJC_ARC = YES;
				CLANG_ENABLE_OBJC_WEAK = YES;
				CLANG_WARN_BLOCK_CAPTURE_AUTORELEASING = YES;
				CLANG_WARN_BOOL_CONVERSION = YES;
				CLANG_WARN_COMMA = YES;
				CLANG_WARN_CONSTANT_CONVERSION = YES;
				CLANG_WARN_DEPRECATED_OBJC_IMPLEMENTATIONS = YES;
				CLANG_WARN_DIRECT_OBJC_ISA_USAGE = YES_ERROR;
				CLANG_WARN_DOCUMENTATION_COMMENTS = YES;
				CLANG_WARN_EMPTY_BODY = YES;
				CLANG_WARN_ENUM_CONVERSION = YES;
				CLANG_WARN_INFINITE_RECURSION = YES;
				CLANG_WARN_INT_CONVERSION = YES;
				CLANG_WARN_NON_LITERAL_NULL_CONVERSION = YES;
				CLANG_WARN_OBJC_IMPLICIT_RETAIN_SELF = YES;
				CLANG_WARN_OBJC_LITERAL_CONVERSION = YES;
				CLANG_WARN_OBJC_ROOT_CLASS = YES_ERROR;
				CLANG_WARN_RANGE_LOOP_ANALYSIS = YES;
				CLANG_WARN_STRICT_PROTOTYPES = YES;
				CLANG_WARN_SUSPICIOUS_MOVE = YES;
				CLANG_WARN_UNGUARDED_AVAILABILITY = YES_AGGRESSIVE;
				CLANG_WARN_UNREACHABLE_CODE = YES;
				CLANG_WARN__DUPLICATE_METHOD_MATCH = YES;
				CODE_SIGN_IDENTITY = "iPhone Developer";
				COPY_PHASE_STRIP = NO;
				DEBUG_INFORMATION_FORMAT = dwarf;
				ENABLE_STRICT_OBJC_MSGSEND = YES;
				ENABLE_TESTABILITY = YES;
				GCC_C_LANGUAGE_STANDARD = gnu11;
				GCC_DYNAMIC_NO_PIC = NO;
				GCC_NO_COMMON_BLOCKS = YES;
				GCC_OPTIMIZATION_LEVEL = 0;
				GCC_PREPROCESSOR_DEFINITIONS = (
					"DEBUG=1",
					"$(inherited)",
				);
				GCC_WARN_64_TO_32_BIT_CONVERSION = YES;
				GCC_WARN_ABOUT_RETURN_TYPE = YES_ERROR;
				GCC_WARN_UNDECLARED_SELECTOR = YES;
				GCC_WARN_UNINITIALIZED_AUTOS = YES_AGGRESSIVE;
				GCC_WARN_UNUSED_FUNCTION = YES;
				GCC_WARN_UNUSED_VARIABLE = YES;
				IPHONEOS_DEPLOYMENT_TARGET = 12.0;
				MTL_ENABLE_DEBUG_INFO = INCLUDE_SOURCE;
				MTL_FAST_MATH = YES;
				ONLY_ACTIVE_ARCH = YES;
				SDKROOT = iphoneos;
				SWIFT_ACTIVE_COMPILATION_CONDITIONS = DEBUG;
				SWIFT_OPTIMIZATION_LEVEL = "-Onone";
			};
			name = Debug;
		};
		2D770A532224ECB60084002E /* Release */ = {
			isa = XCBuildConfiguration;
			buildSettings = {
				ALWAYS_SEARCH_USER_PATHS = NO;
				CLANG_ANALYZER_NONNULL = YES;
				CLANG_ANALYZER_NUMBER_OBJECT_CONVERSION = YES_AGGRESSIVE;
				CLANG_CXX_LANGUAGE_STANDARD = "gnu++14";
				CLANG_CXX_LIBRARY = "libc++";
				CLANG_ENABLE_MODULES = YES;
				CLANG_ENABLE_OBJC_ARC = YES;
				CLANG_ENABLE_OBJC_WEAK = YES;
				CLANG_WARN_BLOCK_CAPTURE_AUTORELEASING = YES;
				CLANG_WARN_BOOL_CONVERSION = YES;
				CLANG_WARN_COMMA = YES;
				CLANG_WARN_CONSTANT_CONVERSION = YES;
				CLANG_WARN_DEPRECATED_OBJC_IMPLEMENTATIONS = YES;
				CLANG_WARN_DIRECT_OBJC_ISA_USAGE = YES_ERROR;
				CLANG_WARN_DOCUMENTATION_COMMENTS = YES;
				CLANG_WARN_EMPTY_BODY = YES;
				CLANG_WARN_ENUM_CONVERSION = YES;
				CLANG_WARN_INFINITE_RECURSION = YES;
				CLANG_WARN_INT_CONVERSION = YES;
				CLANG_WARN_NON_LITERAL_NULL_CONVERSION = YES;
				CLANG_WARN_OBJC_IMPLICIT_RETAIN_SELF = YES;
				CLANG_WARN_OBJC_LITERAL_CONVERSION = YES;
				CLANG_WARN_OBJC_ROOT_CLASS = YES_ERROR;
				CLANG_WARN_RANGE_LOOP_ANALYSIS = YES;
				CLANG_WARN_STRICT_PROTOTYPES = YES;
				CLANG_WARN_SUSPICIOUS_MOVE = YES;
				CLANG_WARN_UNGUARDED_AVAILABILITY = YES_AGGRESSIVE;
				CLANG_WARN_UNREACHABLE_CODE = YES;
				CLANG_WARN__DUPLICATE_METHOD_MATCH = YES;
				CODE_SIGN_IDENTITY = "iPhone Developer";
				COPY_PHASE_STRIP = NO;
				DEBUG_INFORMATION_FORMAT = "dwarf-with-dsym";
				ENABLE_NS_ASSERTIONS = NO;
				ENABLE_STRICT_OBJC_MSGSEND = YES;
				GCC_C_LANGUAGE_STANDARD = gnu11;
				GCC_NO_COMMON_BLOCKS = YES;
				GCC_WARN_64_TO_32_BIT_CONVERSION = YES;
				GCC_WARN_ABOUT_RETURN_TYPE = YES_ERROR;
				GCC_WARN_UNDECLARED_SELECTOR = YES;
				GCC_WARN_UNINITIALIZED_AUTOS = YES_AGGRESSIVE;
				GCC_WARN_UNUSED_FUNCTION = YES;
				GCC_WARN_UNUSED_VARIABLE = YES;
				IPHONEOS_DEPLOYMENT_TARGET = 12.0;
				MTL_ENABLE_DEBUG_INFO = NO;
				MTL_FAST_MATH = YES;
				SDKROOT = iphoneos;
				SWIFT_COMPILATION_MODE = wholemodule;
				SWIFT_OPTIMIZATION_LEVEL = "-O";
				VALIDATE_PRODUCT = YES;
			};
			name = Release;
		};
		2D770A552224ECB60084002E /* Debug */ = {
			isa = XCBuildConfiguration;
			buildSettings = {
				ASSETCATALOG_COMPILER_APPICON_NAME = AppIcon;
				CODE_SIGN_STYLE = Automatic;
				DEVELOPMENT_TEAM = P2328CN2XE;
				INFOPLIST_FILE = Swift_30Day_4/Info.plist;
				LD_RUNPATH_SEARCH_PATHS = (
					"$(inherited)",
					"@executable_path/Frameworks",
				);
				PRODUCT_BUNDLE_IDENTIFIER = "swift30Day-4.Swift-30Day-4";
				PRODUCT_NAME = "$(TARGET_NAME)";
				SWIFT_VERSION = 4.2;
				TARGETED_DEVICE_FAMILY = "1,2";
			};
			name = Debug;
		};
		2D770A562224ECB60084002E /* Release */ = {
			isa = XCBuildConfiguration;
			buildSettings = {
				ASSETCATALOG_COMPILER_APPICON_NAME = AppIcon;
				CODE_SIGN_STYLE = Automatic;
				DEVELOPMENT_TEAM = P2328CN2XE;
				INFOPLIST_FILE = Swift_30Day_4/Info.plist;
				LD_RUNPATH_SEARCH_PATHS = (
					"$(inherited)",
					"@executable_path/Frameworks",
				);
				PRODUCT_BUNDLE_IDENTIFIER = "swift30Day-4.Swift-30Day-4";
				PRODUCT_NAME = "$(TARGET_NAME)";
				SWIFT_VERSION = 4.2;
				TARGETED_DEVICE_FAMILY = "1,2";
			};
			name = Release;
		};
/* End XCBuildConfiguration section */

/* Begin XCConfigurationList section */
		2D770A3D2224ECB40084002E /* Build configuration list for PBXProject "Swift_30Day_4" */ = {
			isa = XCConfigurationList;
			buildConfigurations = (
				2D770A522224ECB60084002E /* Debug */,
				2D770A532224ECB60084002E /* Release */,
			);
			defaultConfigurationIsVisible = 0;
			defaultConfigurationName = Release;
		};
		2D770A542224ECB60084002E /* Build configuration list for PBXNativeTarget "Swift_30Day_4" */ = {
			isa = XCConfigurationList;
			buildConfigurations = (
				2D770A552224ECB60084002E /* Debug */,
				2D770A562224ECB60084002E /* Release */,
			);
			defaultConfigurationIsVisible = 0;
			defaultConfigurationName = Release;
		};
/* End XCConfigurationList section */
	};
	rootObject = 2D770A3A2224ECB40084002E /* Project object */;
}
